
Microsoft Visual Studio Solution File, Format Version 12.00
# Visual Studio 15
VisualStudioVersion = 15.0.27428.2037
MinimumVisualStudioVersion = 10.0.40219.1
Project("{00D1A9C2-B5F0-4AF3-8072-F6C62B433612}") = "SVETSDB", "SVETSDB\SVETSDB.sqlproj", "{AE88E76C-76F5-4147-81EA-671EF3000358}"
EndProject
Project("{FAE04EC0-301F-11D3-BF4B-00C04F79EFBC}") = "SVETSAPI", "SVETSAPI\SVETSAPI.csproj", "{764529FA-B573-41EB-A5CC-B00F455CDFD5}"
EndProject
Project("{FAE04EC0-301F-11D3-BF4B-00C04F79EFBC}") = "SVETSDA", "SVETSDA\SVETSDA.csproj", "{351910C2-58A6-4D91-9ECA-145FD9A74DA8}"
EndProject
Project("{FAE04EC0-301F-11D3-BF4B-00C04F79EFBC}") = "SVETSGUI", "SVETSGUI\SVETSGUI.csproj", "{05012CA0-D283-41DF-BF07-14DA50685CEA}"
EndProject
Global
	GlobalSection(SolutionConfigurationPlatforms) = preSolution
		Debug|Any CPU = Debug|Any CPU
		Release|Any CPU = Release|Any CPU
	EndGlobalSection
	GlobalSection(ProjectConfigurationPlatforms) = postSolution
		{AE88E76C-76F5-4147-81EA-671EF3000358}.Debug|Any CPU.ActiveCfg = Debug|Any CPU
		{AE88E76C-76F5-4147-81EA-671EF3000358}.Debug|Any CPU.Build.0 = Debug|Any CPU
		{AE88E76C-76F5-4147-81EA-671EF3000358}.Debug|Any CPU.Deploy.0 = Debug|Any CPU
		{AE88E76C-76F5-4147-81EA-671EF3000358}.Release|Any CPU.ActiveCfg = Release|Any CPU
		{AE88E76C-76F5-4147-81EA-671EF3000358}.Release|Any CPU.Build.0 = Release|Any CPU
		{AE88E76C-76F5-4147-81EA-671EF3000358}.Release|Any CPU.Deploy.0 = Release|Any CPU
		{764529FA-B573-41EB-A5CC-B00F455CDFD5}.Debug|Any CPU.ActiveCfg = Debug|Any CPU
		{764529FA-B573-41EB-A5CC-B00F455CDFD5}.Debug|Any CPU.Build.0 = Debug|Any CPU
		{764529FA-B573-41EB-A5CC-B00F455CDFD5}.Release|Any CPU.ActiveCfg = Release|Any CPU
		{764529FA-B573-41EB-A5CC-B00F455CDFD5}.Release|Any CPU.Build.0 = Release|Any CPU
		{351910C2-58A6-4D91-9ECA-145FD9A74DA8}.Debug|Any CPU.ActiveCfg = Debug|Any CPU
		{351910C2-58A6-4D91-9ECA-145FD9A74DA8}.Debug|Any CPU.Build.0 = Debug|Any CPU
		{351910C2-58A6-4D91-9ECA-145FD9A74DA8}.Release|Any CPU.ActiveCfg = Release|Any CPU
		{351910C2-58A6-4D91-9ECA-145FD9A74DA8}.Release|Any CPU.Build.0 = Release|Any CPU
		{05012CA0-D283-41DF-BF07-14DA50685CEA}.Debug|Any CPU.ActiveCfg = Debug|Any CPU
		{05012CA0-D283-41DF-BF07-14DA50685CEA}.Debug|Any CPU.Build.0 = Debug|Any CPU
		{05012CA0-D283-41DF-BF07-14DA50685CEA}.Release|Any CPU.ActiveCfg = Release|Any CPU
		{05012CA0-D283-41DF-BF07-14DA50685CEA}.Release|Any CPU.Build.0 = Release|Any CPU
	EndGlobalSection
	GlobalSection(SolutionProperties) = preSolution
		HideSolutionNode = FALSE
	EndGlobalSection
	GlobalSection(ExtensibilityGlobals) = postSolution
		SolutionGuid = {2751BEDD-FC1D-4E32-830B-2969E5F68ED5}
	EndGlobalSection
EndGlobal
